
Microsoft Visual Studio Solution File, Format Version 12.00
# Visual Studio 15
VisualStudioVersion = 15.0.25807.0
MinimumVisualStudioVersion = 10.0.40219.1
Project("{2150E333-8FDC-42A3-9474-1A3956D46DE8}") = "Engine", "Engine", "{437B1B25-4FE8-451A-8B55-33CD2AE174EB}"
EndProject
Project("{2150E333-8FDC-42A3-9474-1A3956D46DE8}") = "Games", "Games", "{C23462C9-F341-49A5-B9AB-2F6C641B3554}"
EndProject
Project("{8BC9CEB8-8B4A-11D0-8D11-00A0C91BC942}") = "UE4", "Intermediate\ProjectFiles\UE4.vcxproj", "{B348E69C-D916-45BF-AC87-FD27BBB9A459}"
EndProject
Project("{8BC9CEB8-8B4A-11D0-8D11-00A0C91BC942}") = "CSVEditor", "Intermediate\ProjectFiles\CSVEditor.vcxproj", "{A2DB04CB-20EF-4BC5-8B6A-DA50305FA707}"
EndProject
Global
	GlobalSection(SolutionConfigurationPlatforms) = preSolution
		DebugGame Editor|Android = DebugGame Editor|Android
		DebugGame Editor|HTML5 = DebugGame Editor|HTML5
		DebugGame Editor|IOS = DebugGame Editor|IOS
		DebugGame Editor|Win32 = DebugGame Editor|Win32
		DebugGame Editor|Win64 = DebugGame Editor|Win64
		DebugGame|Android = DebugGame|Android
		DebugGame|HTML5 = DebugGame|HTML5
		DebugGame|IOS = DebugGame|IOS
		DebugGame|Win32 = DebugGame|Win32
		DebugGame|Win64 = DebugGame|Win64
		Development Editor|Android = Development Editor|Android
		Development Editor|HTML5 = Development Editor|HTML5
		Development Editor|IOS = Development Editor|IOS
		Development Editor|Win32 = Development Editor|Win32
		Development Editor|Win64 = Development Editor|Win64
		Development|Android = Development|Android
		Development|HTML5 = Development|HTML5
		Development|IOS = Development|IOS
		Development|Win32 = Development|Win32
		Development|Win64 = Development|Win64
		Shipping|Android = Shipping|Android
		Shipping|HTML5 = Shipping|HTML5
		Shipping|IOS = Shipping|IOS
		Shipping|Win32 = Shipping|Win32
		Shipping|Win64 = Shipping|Win64
	EndGlobalSection
	GlobalSection(ProjectConfigurationPlatforms) = postSolution
		{B348E69C-D916-45BF-AC87-FD27BBB9A459}.DebugGame Editor|Android.ActiveCfg = BuiltWithUnrealBuildTool|Win32
		{B348E69C-D916-45BF-AC87-FD27BBB9A459}.DebugGame Editor|Android.Build.0 = BuiltWithUnrealBuildTool|Win32
		{B348E69C-D916-45BF-AC87-FD27BBB9A459}.DebugGame Editor|HTML5.ActiveCfg = BuiltWithUnrealBuildTool|Win32
		{B348E69C-D916-45BF-AC87-FD27BBB9A459}.DebugGame Editor|HTML5.Build.0 = BuiltWithUnrealBuildTool|Win32
		{B348E69C-D916-45BF-AC87-FD27BBB9A459}.DebugGame Editor|IOS.ActiveCfg = BuiltWithUnrealBuildTool|Win32
		{B348E69C-D916-45BF-AC87-FD27BBB9A459}.DebugGame Editor|IOS.Build.0 = BuiltWithUnrealBuildTool|Win32
		{B348E69C-D916-45BF-AC87-FD27BBB9A459}.DebugGame Editor|Win32.ActiveCfg = BuiltWithUnrealBuildTool|Win32
		{B348E69C-D916-45BF-AC87-FD27BBB9A459}.DebugGame Editor|Win32.Build.0 = BuiltWithUnrealBuildTool|Win32
		{B348E69C-D916-45BF-AC87-FD27BBB9A459}.DebugGame Editor|Win64.ActiveCfg = BuiltWithUnrealBuildTool|Win32
		{B348E69C-D916-45BF-AC87-FD27BBB9A459}.DebugGame Editor|Win64.Build.0 = BuiltWithUnrealBuildTool|Win32
		{B348E69C-D916-45BF-AC87-FD27BBB9A459}.DebugGame|Android.ActiveCfg = BuiltWithUnrealBuildTool|Win32
		{B348E69C-D916-45BF-AC87-FD27BBB9A459}.DebugGame|Android.Build.0 = BuiltWithUnrealBuildTool|Win32
		{B348E69C-D916-45BF-AC87-FD27BBB9A459}.DebugGame|HTML5.ActiveCfg = BuiltWithUnrealBuildTool|Win32
		{B348E69C-D916-45BF-AC87-FD27BBB9A459}.DebugGame|HTML5.Build.0 = BuiltWithUnrealBuildTool|Win32
		{B348E69C-D916-45BF-AC87-FD27BBB9A459}.DebugGame|IOS.ActiveCfg = BuiltWithUnrealBuildTool|Win32
		{B348E69C-D916-45BF-AC87-FD27BBB9A459}.DebugGame|IOS.Build.0 = BuiltWithUnrealBuildTool|Win32
		{B348E69C-D916-45BF-AC87-FD27BBB9A459}.DebugGame|Win32.ActiveCfg = BuiltWithUnrealBuildTool|Win32
		{B348E69C-D916-45BF-AC87-FD27BBB9A459}.DebugGame|Win32.Build.0 = BuiltWithUnrealBuildTool|Win32
		{B348E69C-D916-45BF-AC87-FD27BBB9A459}.DebugGame|Win64.ActiveCfg = BuiltWithUnrealBuildTool|Win32
		{B348E69C-D916-45BF-AC87-FD27BBB9A459}.DebugGame|Win64.Build.0 = BuiltWithUnrealBuildTool|Win32
		{B348E69C-D916-45BF-AC87-FD27BBB9A459}.Development Editor|Android.ActiveCfg = BuiltWithUnrealBuildTool|Win32
		{B348E69C-D916-45BF-AC87-FD27BBB9A459}.Development Editor|Android.Build.0 = BuiltWithUnrealBuildTool|Win32
		{B348E69C-D916-45BF-AC87-FD27BBB9A459}.Development Editor|HTML5.ActiveCfg = BuiltWithUnrealBuildTool|Win32
		{B348E69C-D916-45BF-AC87-FD27BBB9A459}.Development Editor|HTML5.Build.0 = BuiltWithUnrealBuildTool|Win32
		{B348E69C-D916-45BF-AC87-FD27BBB9A459}.Development Editor|IOS.ActiveCfg = BuiltWithUnrealBuildTool|Win32
		{B348E69C-D916-45BF-AC87-FD27BBB9A459}.Development Editor|IOS.Build.0 = BuiltWithUnrealBuildTool|Win32
		{B348E69C-D916-45BF-AC87-FD27BBB9A459}.Development Editor|Win32.ActiveCfg = BuiltWithUnrealBuildTool|Win32
		{B348E69C-D916-45BF-AC87-FD27BBB9A459}.Development Editor|Win32.Build.0 = BuiltWithUnrealBuildTool|Win32
		{B348E69C-D916-45BF-AC87-FD27BBB9A459}.Development Editor|Win64.ActiveCfg = BuiltWithUnrealBuildTool|Win32
		{B348E69C-D916-45BF-AC87-FD27BBB9A459}.Development Editor|Win64.Build.0 = BuiltWithUnrealBuildTool|Win32
		{B348E69C-D916-45BF-AC87-FD27BBB9A459}.Development|Android.ActiveCfg = BuiltWithUnrealBuildTool|Win32
		{B348E69C-D916-45BF-AC87-FD27BBB9A459}.Development|Android.Build.0 = BuiltWithUnrealBuildTool|Win32
		{B348E69C-D916-45BF-AC87-FD27BBB9A459}.Development|HTML5.ActiveCfg = BuiltWithUnrealBuildTool|Win32
		{B348E69C-D916-45BF-AC87-FD27BBB9A459}.Development|HTML5.Build.0 = BuiltWithUnrealBuildTool|Win32
		{B348E69C-D916-45BF-AC87-FD27BBB9A459}.Development|IOS.ActiveCfg = BuiltWithUnrealBuildTool|Win32
		{B348E69C-D916-45BF-AC87-FD27BBB9A459}.Development|IOS.Build.0 = BuiltWithUnrealBuildTool|Win32
		{B348E69C-D916-45BF-AC87-FD27BBB9A459}.Development|Win32.ActiveCfg = BuiltWithUnrealBuildTool|Win32
		{B348E69C-D916-45BF-AC87-FD27BBB9A459}.Development|Win32.Build.0 = BuiltWithUnrealBuildTool|Win32
		{B348E69C-D916-45BF-AC87-FD27BBB9A459}.Development|Win64.ActiveCfg = BuiltWithUnrealBuildTool|Win32
		{B348E69C-D916-45BF-AC87-FD27BBB9A459}.Development|Win64.Build.0 = BuiltWithUnrealBuildTool|Win32
		{B348E69C-D916-45BF-AC87-FD27BBB9A459}.Shipping|Android.ActiveCfg = BuiltWithUnrealBuildTool|Win32
		{B348E69C-D916-45BF-AC87-FD27BBB9A459}.Shipping|Android.Build.0 = BuiltWithUnrealBuildTool|Win32
		{B348E69C-D916-45BF-AC87-FD27BBB9A459}.Shipping|HTML5.ActiveCfg = BuiltWithUnrealBuildTool|Win32
		{B348E69C-D916-45BF-AC87-FD27BBB9A459}.Shipping|HTML5.Build.0 = BuiltWithUnrealBuildTool|Win32
		{B348E69C-D916-45BF-AC87-FD27BBB9A459}.Shipping|IOS.ActiveCfg = BuiltWithUnrealBuildTool|Win32
		{B348E69C-D916-45BF-AC87-FD27BBB9A459}.Shipping|IOS.Build.0 = BuiltWithUnrealBuildTool|Win32
		{B348E69C-D916-45BF-AC87-FD27BBB9A459}.Shipping|Win32.ActiveCfg = BuiltWithUnrealBuildTool|Win32
		{B348E69C-D916-45BF-AC87-FD27BBB9A459}.Shipping|Win32.Build.0 = BuiltWithUnrealBuildTool|Win32
		{B348E69C-D916-45BF-AC87-FD27BBB9A459}.Shipping|Win64.ActiveCfg = BuiltWithUnrealBuildTool|Win32
		{B348E69C-D916-45BF-AC87-FD27BBB9A459}.Shipping|Win64.Build.0 = BuiltWithUnrealBuildTool|Win32
		{A2DB04CB-20EF-4BC5-8B6A-DA50305FA707}.DebugGame Editor|Android.ActiveCfg = Android_DebugGame_Editor|Win32
		{A2DB04CB-20EF-4BC5-8B6A-DA50305FA707}.DebugGame Editor|HTML5.ActiveCfg = HTML5_DebugGame_Editor|Win32
		{A2DB04CB-20EF-4BC5-8B6A-DA50305FA707}.DebugGame Editor|IOS.ActiveCfg = IOS_DebugGame_Editor|Win32
		{A2DB04CB-20EF-4BC5-8B6A-DA50305FA707}.DebugGame Editor|Win32.ActiveCfg = DebugGame_Editor|Win32
		{A2DB04CB-20EF-4BC5-8B6A-DA50305FA707}.DebugGame Editor|Win64.ActiveCfg = DebugGame_Editor|x64
		{A2DB04CB-20EF-4BC5-8B6A-DA50305FA707}.DebugGame Editor|Win64.Build.0 = DebugGame_Editor|x64
		{A2DB04CB-20EF-4BC5-8B6A-DA50305FA707}.DebugGame|Android.ActiveCfg = Android_DebugGame_Game|Win32
		{A2DB04CB-20EF-4BC5-8B6A-DA50305FA707}.DebugGame|Android.Build.0 = Android_DebugGame_Game|Win32
		{A2DB04CB-20EF-4BC5-8B6A-DA50305FA707}.DebugGame|HTML5.ActiveCfg = HTML5_DebugGame_Game|Win32
		{A2DB04CB-20EF-4BC5-8B6A-DA50305FA707}.DebugGame|HTML5.Build.0 = HTML5_DebugGame_Game|Win32
		{A2DB04CB-20EF-4BC5-8B6A-DA50305FA707}.DebugGame|IOS.ActiveCfg = IOS_DebugGame_Game|Win32
		{A2DB04CB-20EF-4BC5-8B6A-DA50305FA707}.DebugGame|IOS.Build.0 = IOS_DebugGame_Game|Win32
		{A2DB04CB-20EF-4BC5-8B6A-DA50305FA707}.DebugGame|Win32.ActiveCfg = DebugGame_Game|Win32
		{A2DB04CB-20EF-4BC5-8B6A-DA50305FA707}.DebugGame|Win32.Build.0 = DebugGame_Game|Win32
		{A2DB04CB-20EF-4BC5-8B6A-DA50305FA707}.DebugGame|Win64.ActiveCfg = DebugGame_Game|x64
		{A2DB04CB-20EF-4BC5-8B6A-DA50305FA707}.DebugGame|Win64.Build.0 = DebugGame_Game|x64
		{A2DB04CB-20EF-4BC5-8B6A-DA50305FA707}.Development Editor|Android.ActiveCfg = Android_Development_Editor|Win32
		{A2DB04CB-20EF-4BC5-8B6A-DA50305FA707}.Development Editor|HTML5.ActiveCfg = HTML5_Development_Editor|Win32
		{A2DB04CB-20EF-4BC5-8B6A-DA50305FA707}.Development Editor|IOS.ActiveCfg = IOS_Development_Editor|Win32
		{A2DB04CB-20EF-4BC5-8B6A-DA50305FA707}.Development Editor|Win32.ActiveCfg = Development_Editor|Win32
		{A2DB04CB-20EF-4BC5-8B6A-DA50305FA707}.Development Editor|Win64.ActiveCfg = Development_Editor|x64
		{A2DB04CB-20EF-4BC5-8B6A-DA50305FA707}.Development Editor|Win64.Build.0 = Development_Editor|x64
		{A2DB04CB-20EF-4BC5-8B6A-DA50305FA707}.Development|Android.ActiveCfg = Android_Development_Game|Win32
		{A2DB04CB-20EF-4BC5-8B6A-DA50305FA707}.Development|Android.Build.0 = Android_Development_Game|Win32
		{A2DB04CB-20EF-4BC5-8B6A-DA50305FA707}.Development|HTML5.ActiveCfg = HTML5_Development_Game|Win32
		{A2DB04CB-20EF-4BC5-8B6A-DA50305FA707}.Development|HTML5.Build.0 = HTML5_Development_Game|Win32
		{A2DB04CB-20EF-4BC5-8B6A-DA50305FA707}.Development|IOS.ActiveCfg = IOS_Development_Game|Win32
		{A2DB04CB-20EF-4BC5-8B6A-DA50305FA707}.Development|IOS.Build.0 = IOS_Development_Game|Win32
		{A2DB04CB-20EF-4BC5-8B6A-DA50305FA707}.Development|Win32.ActiveCfg = Development_Game|Win32
		{A2DB04CB-20EF-4BC5-8B6A-DA50305FA707}.Development|Win32.Build.0 = Development_Game|Win32
		{A2DB04CB-20EF-4BC5-8B6A-DA50305FA707}.Development|Win64.ActiveCfg = Development_Game|x64
		{A2DB04CB-20EF-4BC5-8B6A-DA50305FA707}.Development|Win64.Build.0 = Development_Game|x64
		{A2DB04CB-20EF-4BC5-8B6A-DA50305FA707}.Shipping|Android.ActiveCfg = Android_Shipping_Game|Win32
		{A2DB04CB-20EF-4BC5-8B6A-DA50305FA707}.Shipping|Android.Build.0 = Android_Shipping_Game|Win32
		{A2DB04CB-20EF-4BC5-8B6A-DA50305FA707}.Shipping|HTML5.ActiveCfg = HTML5_Shipping_Game|Win32
		{A2DB04CB-20EF-4BC5-8B6A-DA50305FA707}.Shipping|HTML5.Build.0 = HTML5_Shipping_Game|Win32
		{A2DB04CB-20EF-4BC5-8B6A-DA50305FA707}.Shipping|IOS.ActiveCfg = IOS_Shipping_Game|Win32
		{A2DB04CB-20EF-4BC5-8B6A-DA50305FA707}.Shipping|IOS.Build.0 = IOS_Shipping_Game|Win32
		{A2DB04CB-20EF-4BC5-8B6A-DA50305FA707}.Shipping|Win32.ActiveCfg = Shipping_Game|Win32
		{A2DB04CB-20EF-4BC5-8B6A-DA50305FA707}.Shipping|Win32.Build.0 = Shipping_Game|Win32
		{A2DB04CB-20EF-4BC5-8B6A-DA50305FA707}.Shipping|Win64.ActiveCfg = Shipping_Game|x64
		{A2DB04CB-20EF-4BC5-8B6A-DA50305FA707}.Shipping|Win64.Build.0 = Shipping_Game|x64
	EndGlobalSection
	GlobalSection(SolutionProperties) = preSolution
		HideSolutionNode = FALSE
	EndGlobalSection
	GlobalSection(NestedProjects) = preSolution
		{B348E69C-D916-45BF-AC87-FD27BBB9A459} = {437B1B25-4FE8-451A-8B55-33CD2AE174EB}
		{A2DB04CB-20EF-4BC5-8B6A-DA50305FA707} = {C23462C9-F341-49A5-B9AB-2F6C641B3554}
	EndGlobalSection
	GlobalSection(ExtensibilityGlobals) = postSolution
		SolutionGuid = {0ABED48A-4E8D-47C5-ADEA-5FC757652AA2}
	EndGlobalSection
EndGlobal
